# This file is autogenerated, do not edit; changes may be undone by the next 'dep ensure'.


[[projects]]
  branch = "master"
  name = "github.com/Jeffail/gabs"
  packages = ["."]
  revision = "44cbc27138518b15305cb3eef220d04f2d641b9b"

[[projects]]
  name = "github.com/fsnotify/fsnotify"
  packages = ["."]
  revision = "4da3e2cfbabc9f751898f250b49f2439785783a1"

[[projects]]
  branch = "master"
  name = "github.com/hashicorp/hcl"
  packages = [
    ".",
    "hcl/ast",
    "hcl/parser",
    "hcl/scanner",
    "hcl/strconv",
    "hcl/token",
    "json/parser",
    "json/scanner",
    "json/token"
  ]
  revision = "23c074d0eceb2b8a5bfdbb271ab780cde70f05a8"

[[projects]]
  name = "github.com/inconshreveable/mousetrap"
  packages = ["."]
  revision = "76626ae9c91c4f2a10f34cad8ce83ea42c93bb75"
  version = "v1.0"

[[projects]]
  branch = "master"
  name = "github.com/magiconair/properties"
  packages = ["."]
  revision = "49d762b9817ba1c2e9d0c69183c2b4a8b8f1d934"

[[projects]]
  branch = "master"
  name = "github.com/mitchellh/go-homedir"
  packages = ["."]
  revision = "b8bc1bf767474819792c23f32d8286a45736f1c6"

[[projects]]
  name = "github.com/mitchellh/mapstructure"
  packages = ["."]
  revision = "06020f85339e21b2478f756a78e295255ffa4d6a"

[[projects]]
  name = "github.com/pelletier/go-toml"
  packages = ["."]
  revision = "4e9e0ee19b60b13eb79915933f44d8ed5f268bdd"

[[projects]]
  name = "github.com/spf13/afero"
  packages = [
    ".",
    "mem"
  ]
  revision = "5660eeed305fe5f69c8fc6cf899132a459a97064"

[[projects]]
  name = "github.com/spf13/cast"
  packages = ["."]
  revision = "acbeb36b902d72a7a4c18e8f3241075e7ab763e4"
  version = "v1.1.0"

[[projects]]
  name = "github.com/spf13/cobra"
  packages = ["."]
  revision = "b3426bbac13d7110c4d8fce456ea0012f79f3b8b"

[[projects]]
  name = "github.com/spf13/jwalterweatherman"
  packages = ["."]
  revision = "12bd96e66386c1960ab0f74ced1362f66f552f7b"

[[projects]]
  name = "github.com/spf13/pflag"
  packages = ["."]
  revision = "97afa5e7ca8a08a383cb259e06636b5e2cc7897f"

[[projects]]
  name = "github.com/spf13/viper"
  packages = ["."]
  revision = "8ef37cbca71638bf32f3d5e194117d4cb46da163"

[[projects]]
  name = "golang.org/x/sys"
  packages = ["unix"]
  revision = "95c6576299259db960f6c5b9b69ea52422860fce"

[[projects]]
  name = "golang.org/x/text"
  packages = [
    "internal/gen",
    "internal/triegen",
    "internal/ucd",
    "transform",
    "unicode/cldr",
    "unicode/norm"
  ]
  revision = "3cfc6c0d6bf80d724d98c26c4822f4a35d37598e"

[[projects]]
  name = "gopkg.in/yaml.v2"
  packages = ["."]
  revision = "eb3733d160e74a9c7e442f435eb3bea458e1d19f"

[solve-meta]
  analyzer-name = "dep"
  analyzer-version = 1
  inputs-digest = "677713298902071c8516a20a7a8b34ccb8f02fbfa23c67054943cd61269a3b5b"
  solver-name = "gps-cdcl"
  solver-version = 1
